
Microsoft Visual Studio Solution File, Format Version 12.00
# Visual Studio Version 17
VisualStudioVersion = 17.5.002.0
MinimumVisualStudioVersion = 10.0.40219.1
Project("{9A19103F-16F7-4668-BE54-9A1E7A4F7556}") = "amorphie.client", "amorphie.client\amorphie.client.csproj", "{2A4180E0-63C3-49D6-8F78-6B192ACB5DD6}"
EndProject
Project("{9A19103F-16F7-4668-BE54-9A1E7A4F7556}") = "amorphie.fact.core", "amorphie.fact.core\amorphie.fact.core.csproj", "{048D2BA3-C5EC-4B79-9DCF-E8BFDE83C14D}"
EndProject
Project("{9A19103F-16F7-4668-BE54-9A1E7A4F7556}") = "amorphie.fact.data", "amorphie.fact.data\amorphie.fact.data.csproj", "{B24AB210-B71E-4D8E-BD4B-2F23FFE8268E}"
EndProject
Project("{9A19103F-16F7-4668-BE54-9A1E7A4F7556}") = "amorphie.user", "amorphie.user\amorphie.user.csproj", "{91E0B63F-E966-4BF6-A8F5-4304CE1E8A03}"
EndProject
Project("{9A19103F-16F7-4668-BE54-9A1E7A4F7556}") = "amorphie.user.zeebe.workers", "amorphie.user.zeebe.workers\amorphie.user.zeebe.workers.csproj", "{61DB16BC-00C1-4F45-AB13-90BDA194559C}"
EndProject
Global
	GlobalSection(SolutionConfigurationPlatforms) = preSolution
		Debug|Any CPU = Debug|Any CPU
		Release|Any CPU = Release|Any CPU
	EndGlobalSection
	GlobalSection(ProjectConfigurationPlatforms) = postSolution
		{2A4180E0-63C3-49D6-8F78-6B192ACB5DD6}.Debug|Any CPU.ActiveCfg = Debug|Any CPU
		{2A4180E0-63C3-49D6-8F78-6B192ACB5DD6}.Debug|Any CPU.Build.0 = Debug|Any CPU
		{2A4180E0-63C3-49D6-8F78-6B192ACB5DD6}.Release|Any CPU.ActiveCfg = Release|Any CPU
		{2A4180E0-63C3-49D6-8F78-6B192ACB5DD6}.Release|Any CPU.Build.0 = Release|Any CPU
		{048D2BA3-C5EC-4B79-9DCF-E8BFDE83C14D}.Debug|Any CPU.ActiveCfg = Debug|Any CPU
		{048D2BA3-C5EC-4B79-9DCF-E8BFDE83C14D}.Debug|Any CPU.Build.0 = Debug|Any CPU
		{048D2BA3-C5EC-4B79-9DCF-E8BFDE83C14D}.Release|Any CPU.ActiveCfg = Release|Any CPU
		{048D2BA3-C5EC-4B79-9DCF-E8BFDE83C14D}.Release|Any CPU.Build.0 = Release|Any CPU
		{B24AB210-B71E-4D8E-BD4B-2F23FFE8268E}.Debug|Any CPU.ActiveCfg = Debug|Any CPU
		{B24AB210-B71E-4D8E-BD4B-2F23FFE8268E}.Debug|Any CPU.Build.0 = Debug|Any CPU
		{B24AB210-B71E-4D8E-BD4B-2F23FFE8268E}.Release|Any CPU.ActiveCfg = Release|Any CPU
		{B24AB210-B71E-4D8E-BD4B-2F23FFE8268E}.Release|Any CPU.Build.0 = Release|Any CPU
		{91E0B63F-E966-4BF6-A8F5-4304CE1E8A03}.Debug|Any CPU.ActiveCfg = Debug|Any CPU
		{91E0B63F-E966-4BF6-A8F5-4304CE1E8A03}.Debug|Any CPU.Build.0 = Debug|Any CPU
		{91E0B63F-E966-4BF6-A8F5-4304CE1E8A03}.Release|Any CPU.ActiveCfg = Release|Any CPU
		{91E0B63F-E966-4BF6-A8F5-4304CE1E8A03}.Release|Any CPU.Build.0 = Release|Any CPU
		{61DB16BC-00C1-4F45-AB13-90BDA194559C}.Debug|Any CPU.ActiveCfg = Debug|Any CPU
		{61DB16BC-00C1-4F45-AB13-90BDA194559C}.Debug|Any CPU.Build.0 = Debug|Any CPU
		{61DB16BC-00C1-4F45-AB13-90BDA194559C}.Release|Any CPU.ActiveCfg = Release|Any CPU
		{61DB16BC-00C1-4F45-AB13-90BDA194559C}.Release|Any CPU.Build.0 = Release|Any CPU
	EndGlobalSection
	GlobalSection(SolutionProperties) = preSolution
		HideSolutionNode = FALSE
	EndGlobalSection
	GlobalSection(ExtensibilityGlobals) = postSolution
		SolutionGuid = {C38A47DC-1D21-4ADB-950B-65C988500774}
	EndGlobalSection
EndGlobal
